
Microsoft Visual Studio Solution File, Format Version 12.00
# Visual Studio 15
VisualStudioVersion = 15.0.27130.2026
MinimumVisualStudioVersion = 10.0.40219.1
Project("{FAE04EC0-301F-11D3-BF4B-00C04F79EFBC}") = "ConsoleApp72", "ConsoleApp72\ConsoleApp72.csproj", "{E0AB8615-D9EE-446E-A38A-9EC5136F64CA}"
EndProject
Global
	GlobalSection(SolutionConfigurationPlatforms) = preSolution
		Debug|Any CPU = Debug|Any CPU
		Release|Any CPU = Release|Any CPU
	EndGlobalSection
	GlobalSection(ProjectConfigurationPlatforms) = postSolution
		{E0AB8615-D9EE-446E-A38A-9EC5136F64CA}.Debug|Any CPU.ActiveCfg = Debug|Any CPU
		{E0AB8615-D9EE-446E-A38A-9EC5136F64CA}.Debug|Any CPU.Build.0 = Debug|Any CPU
		{E0AB8615-D9EE-446E-A38A-9EC5136F64CA}.Release|Any CPU.ActiveCfg = Release|Any CPU
		{E0AB8615-D9EE-446E-A38A-9EC5136F64CA}.Release|Any CPU.Build.0 = Release|Any CPU
	EndGlobalSection
	GlobalSection(SolutionProperties) = preSolution
		HideSolutionNode = FALSE
	EndGlobalSection
	GlobalSection(ExtensibilityGlobals) = postSolution
		SolutionGuid = {0D6D7FED-39A1-4C1D-B1B0-8A0882FAB152}
	EndGlobalSection
EndGlobal
